// !$*UTF8*$!
{
	archiveVersion = 1;
	classes = {
	};
	objectVersion = 56;
	objects = {

/* Begin PBXBuildFile section */
		A523D202297C917C00F4A35B /* ContentView.swift in Sources */ = {isa = PBXBuildFile; fileRef = A523D201297C917C00F4A35B /* ContentView.swift */; };
		A523D204297C917D00F4A35B /* Assets.xcassets in Resources */ = {isa = PBXBuildFile; fileRef = A523D203297C917D00F4A35B /* Assets.xcassets */; };
		A523D207297C917D00F4A35B /* Preview Assets.xcassets in Resources */ = {isa = PBXBuildFile; fileRef = A523D206297C917D00F4A35B /* Preview Assets.xcassets */; };
		A523D20C297C948B00F4A35B /* Assets.xcassets in Resources */ = {isa = PBXBuildFile; fileRef = F677BFBC29187174002CCDCB /* Assets.xcassets */; };
		A523D20D297C948B00F4A35B /* landmarkData.json in Resources */ = {isa = PBXBuildFile; fileRef = A5ABC2CC2925A98800AE0759 /* landmarkData.json */; };
		A523D20E297C948B00F4A35B /* Profile.swift in Sources */ = {isa = PBXBuildFile; fileRef = A5BE96A9295E672600A14B2B /* Profile.swift */; };
		A523D20F297C948B00F4A35B /* hikeData.json in Resources */ = {isa = PBXBuildFile; fileRef = A57891B0294FDAFF006A895A /* hikeData.json */; };
		A523D210297C948B00F4A35B /* Landmark.swift in Sources */ = {isa = PBXBuildFile; fileRef = A5ABC2CE2925A9B700AE0759 /* Landmark.swift */; };
		A523D211297C948B00F4A35B /* MapView.swift in Sources */ = {isa = PBXBuildFile; fileRef = A56E9E6D291C7B6F00037E8B /* MapView.swift */; };
		A523D212297C948B00F4A35B /* Hike.swift in Sources */ = {isa = PBXBuildFile; fileRef = A57891B2294FDB4A006A895A /* Hike.swift */; };
		A523D213297C948B00F4A35B /* LandmarkRow.swift in Sources */ = {isa = PBXBuildFile; fileRef = A560467129382012002A48E3 /* LandmarkRow.swift */; };
		A523D214297C948B00F4A35B /* CircleImage.swift in Sources */ = {isa = PBXBuildFile; fileRef = F669CE0D291B249D007C020C /* CircleImage.swift */; };
		A523D215297C948B00F4A35B /* FavoriteButton.swift in Sources */ = {isa = PBXBuildFile; fileRef = A5F14CA2293EC1EC00AFE3B7 /* FavoriteButton.swift */; };
		A523D216297C948B00F4A35B /* LandmarksApp.swift in Sources */ = {isa = PBXBuildFile; fileRef = F677BFB829187174002CCDCB /* LandmarksApp.swift */; };
		A523D217297C948B00F4A35B /* ModelData.swift in Sources */ = {isa = PBXBuildFile; fileRef = A560466C2936DF2B002A48E3 /* ModelData.swift */; };
		A523D218297C948B00F4A35B /* LandmarkList.swift in Sources */ = {isa = PBXBuildFile; fileRef = A560467329382B99002A48E3 /* LandmarkList.swift */; };
		A523D21A297C957F00F4A35B /* LandmarkDetail.swift in Sources */ = {isa = PBXBuildFile; fileRef = A523D219297C957F00F4A35B /* LandmarkDetail.swift */; };
		A52FA190296E46E000C5B821 /* PageView.swift in Sources */ = {isa = PBXBuildFile; fileRef = A52FA18F296E46E000C5B821 /* PageView.swift */; };
		A530A4DD2977749B00F37D54 /* NotificationView.swift in Sources */ = {isa = PBXBuildFile; fileRef = A530A4DC2977749B00F37D54 /* NotificationView.swift */; };
		A530A4DF297775F300F37D54 /* NotificationController.swift in Sources */ = {isa = PBXBuildFile; fileRef = A530A4DE297775F300F37D54 /* NotificationController.swift */; };
		A530A4E12977772300F37D54 /* PushNotificationPayload.apns in Resources */ = {isa = PBXBuildFile; fileRef = A530A4E02977772300F37D54 /* PushNotificationPayload.apns */; };
		A53253FF296B984D002346B2 /* FeatureCard.swift in Sources */ = {isa = PBXBuildFile; fileRef = A53253FE296B984D002346B2 /* FeatureCard.swift */; };
		A542FB692966543C00BADCFC /* PageViewController.swift in Sources */ = {isa = PBXBuildFile; fileRef = A542FB682966543C00BADCFC /* PageViewController.swift */; };
		A560466D2936DF2B002A48E3 /* ModelData.swift in Sources */ = {isa = PBXBuildFile; fileRef = A560466C2936DF2B002A48E3 /* ModelData.swift */; };
		A560467229382012002A48E3 /* LandmarkRow.swift in Sources */ = {isa = PBXBuildFile; fileRef = A560467129382012002A48E3 /* LandmarkRow.swift */; };
		A560467429382B99002A48E3 /* LandmarkList.swift in Sources */ = {isa = PBXBuildFile; fileRef = A560467329382B99002A48E3 /* LandmarkList.swift */; };
		A56E9E6E291C7B6F00037E8B /* MapView.swift in Sources */ = {isa = PBXBuildFile; fileRef = A56E9E6D291C7B6F00037E8B /* MapView.swift */; };
		A57891B1294FDAFF006A895A /* hikeData.json in Resources */ = {isa = PBXBuildFile; fileRef = A57891B0294FDAFF006A895A /* hikeData.json */; };
		A57891B3294FDB4A006A895A /* Hike.swift in Sources */ = {isa = PBXBuildFile; fileRef = A57891B2294FDB4A006A895A /* Hike.swift */; };
		A57891BB294FDE48006A895A /* GraphCapsule.swift in Sources */ = {isa = PBXBuildFile; fileRef = A57891B7294FDE48006A895A /* GraphCapsule.swift */; };
		A57891BC294FDE48006A895A /* HikeGraph.swift in Sources */ = {isa = PBXBuildFile; fileRef = A57891B8294FDE48006A895A /* HikeGraph.swift */; };
		A57891BD294FDE48006A895A /* HikeDetail.swift in Sources */ = {isa = PBXBuildFile; fileRef = A57891B9294FDE48006A895A /* HikeDetail.swift */; };
		A57891BE294FDE48006A895A /* HikeView.swift in Sources */ = {isa = PBXBuildFile; fileRef = A57891BA294FDE48006A895A /* HikeView.swift */; };
		A57C6FB52970DB42007F248E /* PageControl.swift in Sources */ = {isa = PBXBuildFile; fileRef = A57C6FB42970DB42007F248E /* PageControl.swift */; };
		A5A604B529760B81006EEC5F /* ContentView.swift in Sources */ = {isa = PBXBuildFile; fileRef = A5A604B429760B81006EEC5F /* ContentView.swift */; };
		A5A604B729760B81006EEC5F /* Assets.xcassets in Resources */ = {isa = PBXBuildFile; fileRef = A5A604B629760B81006EEC5F /* Assets.xcassets */; };
		A5A604BA29760B81006EEC5F /* Preview Assets.xcassets in Resources */ = {isa = PBXBuildFile; fileRef = A5A604B929760B81006EEC5F /* Preview Assets.xcassets */; };
		A5A604BE2976100E006EEC5F /* Landmark.swift in Sources */ = {isa = PBXBuildFile; fileRef = A5ABC2CE2925A9B700AE0759 /* Landmark.swift */; };
		A5A604BF2976100E006EEC5F /* LandmarkList.swift in Sources */ = {isa = PBXBuildFile; fileRef = A560467329382B99002A48E3 /* LandmarkList.swift */; };
		A5A604C02976100E006EEC5F /* LandmarkRow.swift in Sources */ = {isa = PBXBuildFile; fileRef = A560467129382012002A48E3 /* LandmarkRow.swift */; };
		A5A604C12976100E006EEC5F /* Profile.swift in Sources */ = {isa = PBXBuildFile; fileRef = A5BE96A9295E672600A14B2B /* Profile.swift */; };
		A5A604C22976100E006EEC5F /* LandmarksApp.swift in Sources */ = {isa = PBXBuildFile; fileRef = F677BFB829187174002CCDCB /* LandmarksApp.swift */; };
		A5A604C32976100E006EEC5F /* MapView.swift in Sources */ = {isa = PBXBuildFile; fileRef = A56E9E6D291C7B6F00037E8B /* MapView.swift */; };
		A5A604C42976100E006EEC5F /* hikeData.json in Resources */ = {isa = PBXBuildFile; fileRef = A57891B0294FDAFF006A895A /* hikeData.json */; };
		A5A604C52976100E006EEC5F /* Assets.xcassets in Resources */ = {isa = PBXBuildFile; fileRef = F677BFBC29187174002CCDCB /* Assets.xcassets */; };
		A5A604C62976100E006EEC5F /* ModelData.swift in Sources */ = {isa = PBXBuildFile; fileRef = A560466C2936DF2B002A48E3 /* ModelData.swift */; };
		A5A604C72976100E006EEC5F /* Hike.swift in Sources */ = {isa = PBXBuildFile; fileRef = A57891B2294FDB4A006A895A /* Hike.swift */; };
		A5A604C82976100E006EEC5F /* CircleImage.swift in Sources */ = {isa = PBXBuildFile; fileRef = F669CE0D291B249D007C020C /* CircleImage.swift */; };
		A5A604C92976100E006EEC5F /* landmarkData.json in Resources */ = {isa = PBXBuildFile; fileRef = A5ABC2CC2925A98800AE0759 /* landmarkData.json */; };
		A5A604CB29761D14006EEC5F /* LandmarkDetail.swift in Sources */ = {isa = PBXBuildFile; fileRef = A5A604CA29761D14006EEC5F /* LandmarkDetail.swift */; };
		A5ABC2CD2925A98800AE0759 /* landmarkData.json in Resources */ = {isa = PBXBuildFile; fileRef = A5ABC2CC2925A98800AE0759 /* landmarkData.json */; };
		A5ABC2CF2925A9B700AE0759 /* Landmark.swift in Sources */ = {isa = PBXBuildFile; fileRef = A5ABC2CE2925A9B700AE0759 /* Landmark.swift */; };
		A5BE96AA295E672600A14B2B /* Profile.swift in Sources */ = {isa = PBXBuildFile; fileRef = A5BE96A9295E672600A14B2B /* Profile.swift */; };
		A5BE96AD295E8DB200A14B2B /* ProfileHost.swift in Sources */ = {isa = PBXBuildFile; fileRef = A5BE96AC295E8DB200A14B2B /* ProfileHost.swift */; };
		A5BE96B1295E922F00A14B2B /* ProfileSummary.swift in Sources */ = {isa = PBXBuildFile; fileRef = A5BE96B0295E922F00A14B2B /* ProfileSummary.swift */; };
		A5C81C2329415C9400D8F0E5 /* BadgeSymbol.swift in Sources */ = {isa = PBXBuildFile; fileRef = A5C81C2229415C9400D8F0E5 /* BadgeSymbol.swift */; };
		A5C81C2529415F3200D8F0E5 /* RotatedBadgeSymbol.swift in Sources */ = {isa = PBXBuildFile; fileRef = A5C81C2429415F3200D8F0E5 /* RotatedBadgeSymbol.swift */; };
		A5C81C29294160A200D8F0E5 /* Badge.swift in Sources */ = {isa = PBXBuildFile; fileRef = A5C81C28294160A200D8F0E5 /* Badge.swift */; };
		A5D59BB1295FCE3300508196 /* HikeBadge.swift in Sources */ = {isa = PBXBuildFile; fileRef = A5D59BB0295FCE3300508196 /* HikeBadge.swift */; };
		A5EB4F38295BBCE7003F4C37 /* CategoryHome.swift in Sources */ = {isa = PBXBuildFile; fileRef = A5EB4F37295BBCE7003F4C37 /* CategoryHome.swift */; };
		A5EB4F3A295D063A003F4C37 /* CategoryRow.swift in Sources */ = {isa = PBXBuildFile; fileRef = A5EB4F39295D063A003F4C37 /* CategoryRow.swift */; };
		A5F14CA1293AB72600AFE3B7 /* LandmarkDetail.swift in Sources */ = {isa = PBXBuildFile; fileRef = A5F14CA0293AB72600AFE3B7 /* LandmarkDetail.swift */; };
		A5F14CA3293EC1EC00AFE3B7 /* FavoriteButton.swift in Sources */ = {isa = PBXBuildFile; fileRef = A5F14CA2293EC1EC00AFE3B7 /* FavoriteButton.swift */; };
		A5F14CA72940148200AFE3B7 /* HexagonParameters.swift in Sources */ = {isa = PBXBuildFile; fileRef = A5F14CA62940148200AFE3B7 /* HexagonParameters.swift */; };
		A5F14CA92940182E00AFE3B7 /* BadgeBackground.swift in Sources */ = {isa = PBXBuildFile; fileRef = A5F14CA82940182E00AFE3B7 /* BadgeBackground.swift */; };
		A5F335E3295D08F1006D9490 /* CategoryItem.swift in Sources */ = {isa = PBXBuildFile; fileRef = A5F335E2295D08F1006D9490 /* CategoryItem.swift */; };
		A5F969E0295FDEFC003E13B1 /* ProfileEditor.swift in Sources */ = {isa = PBXBuildFile; fileRef = A5F969DF295FDEFC003E13B1 /* ProfileEditor.swift */; };
		F669CE0E291B249D007C020C /* CircleImage.swift in Sources */ = {isa = PBXBuildFile; fileRef = F669CE0D291B249D007C020C /* CircleImage.swift */; };
		F677BFB929187174002CCDCB /* LandmarksApp.swift in Sources */ = {isa = PBXBuildFile; fileRef = F677BFB829187174002CCDCB /* LandmarksApp.swift */; };
		F677BFBB29187174002CCDCB /* ContentView.swift in Sources */ = {isa = PBXBuildFile; fileRef = F677BFBA29187174002CCDCB /* ContentView.swift */; };
		F677BFBD29187174002CCDCB /* Assets.xcassets in Resources */ = {isa = PBXBuildFile; fileRef = F677BFBC29187174002CCDCB /* Assets.xcassets */; };
		F677BFC029187174002CCDCB /* Preview Assets.xcassets in Resources */ = {isa = PBXBuildFile; fileRef = F677BFBF29187174002CCDCB /* Preview Assets.xcassets */; };
/* End PBXBuildFile section */

/* Begin PBXFileReference section */
		A523D1FD297C917C00F4A35B /* MacLandmarks.app */ = {isa = PBXFileReference; explicitFileType = wrapper.application; includeInIndex = 0; path = MacLandmarks.app; sourceTree = BUILT_PRODUCTS_DIR; };
		A523D201297C917C00F4A35B /* ContentView.swift */ = {isa = PBXFileReference; lastKnownFileType = sourcecode.swift; path = ContentView.swift; sourceTree = "<group>"; };
		A523D203297C917D00F4A35B /* Assets.xcassets */ = {isa = PBXFileReference; lastKnownFileType = folder.assetcatalog; path = Assets.xcassets; sourceTree = "<group>"; };
		A523D206297C917D00F4A35B /* Preview Assets.xcassets */ = {isa = PBXFileReference; lastKnownFileType = folder.assetcatalog; path = "Preview Assets.xcassets"; sourceTree = "<group>"; };
		A523D208297C917D00F4A35B /* MacLandmarks.entitlements */ = {isa = PBXFileReference; lastKnownFileType = text.plist.entitlements; path = MacLandmarks.entitlements; sourceTree = "<group>"; };
		A523D219297C957F00F4A35B /* LandmarkDetail.swift */ = {isa = PBXFileReference; lastKnownFileType = sourcecode.swift; path = LandmarkDetail.swift; sourceTree = "<group>"; };
		A52FA18F296E46E000C5B821 /* PageView.swift */ = {isa = PBXFileReference; lastKnownFileType = sourcecode.swift; path = PageView.swift; sourceTree = "<group>"; };
		A530A4DC2977749B00F37D54 /* NotificationView.swift */ = {isa = PBXFileReference; lastKnownFileType = sourcecode.swift; path = NotificationView.swift; sourceTree = "<group>"; };
		A530A4DE297775F300F37D54 /* NotificationController.swift */ = {isa = PBXFileReference; fileEncoding = 4; lastKnownFileType = sourcecode.swift; path = NotificationController.swift; sourceTree = "<group>"; };
		A530A4E02977772300F37D54 /* PushNotificationPayload.apns */ = {isa = PBXFileReference; fileEncoding = 4; lastKnownFileType = text; path = PushNotificationPayload.apns; sourceTree = "<group>"; };
		A53253FE296B984D002346B2 /* FeatureCard.swift */ = {isa = PBXFileReference; lastKnownFileType = sourcecode.swift; path = FeatureCard.swift; sourceTree = "<group>"; };
		A542FB682966543C00BADCFC /* PageViewController.swift */ = {isa = PBXFileReference; lastKnownFileType = sourcecode.swift; path = PageViewController.swift; sourceTree = "<group>"; };
		A560466C2936DF2B002A48E3 /* ModelData.swift */ = {isa = PBXFileReference; lastKnownFileType = sourcecode.swift; path = ModelData.swift; sourceTree = "<group>"; };
		A560467129382012002A48E3 /* LandmarkRow.swift */ = {isa = PBXFileReference; lastKnownFileType = sourcecode.swift; path = LandmarkRow.swift; sourceTree = "<group>"; };
		A560467329382B99002A48E3 /* LandmarkList.swift */ = {isa = PBXFileReference; lastKnownFileType = sourcecode.swift; path = LandmarkList.swift; sourceTree = "<group>"; };
		A56E9E6D291C7B6F00037E8B /* MapView.swift */ = {isa = PBXFileReference; lastKnownFileType = sourcecode.swift; path = MapView.swift; sourceTree = "<group>"; };
		A57891B0294FDAFF006A895A /* hikeData.json */ = {isa = PBXFileReference; fileEncoding = 4; lastKnownFileType = text.json; path = hikeData.json; sourceTree = "<group>"; };
		A57891B2294FDB4A006A895A /* Hike.swift */ = {isa = PBXFileReference; lastKnownFileType = sourcecode.swift; path = Hike.swift; sourceTree = "<group>"; };
		A57891B7294FDE48006A895A /* GraphCapsule.swift */ = {isa = PBXFileReference; fileEncoding = 4; lastKnownFileType = sourcecode.swift; path = GraphCapsule.swift; sourceTree = "<group>"; };
		A57891B8294FDE48006A895A /* HikeGraph.swift */ = {isa = PBXFileReference; fileEncoding = 4; lastKnownFileType = sourcecode.swift; path = HikeGraph.swift; sourceTree = "<group>"; };
		A57891B9294FDE48006A895A /* HikeDetail.swift */ = {isa = PBXFileReference; fileEncoding = 4; lastKnownFileType = sourcecode.swift; path = HikeDetail.swift; sourceTree = "<group>"; };
		A57891BA294FDE48006A895A /* HikeView.swift */ = {isa = PBXFileReference; fileEncoding = 4; lastKnownFileType = sourcecode.swift; path = HikeView.swift; sourceTree = "<group>"; };
		A57C6FB42970DB42007F248E /* PageControl.swift */ = {isa = PBXFileReference; lastKnownFileType = sourcecode.swift; path = PageControl.swift; sourceTree = "<group>"; };
		A5A604B029760B81006EEC5F /* WatchLandmarks Watch App.app */ = {isa = PBXFileReference; explicitFileType = wrapper.application; includeInIndex = 0; path = "WatchLandmarks Watch App.app"; sourceTree = BUILT_PRODUCTS_DIR; };
		A5A604B429760B81006EEC5F /* ContentView.swift */ = {isa = PBXFileReference; lastKnownFileType = sourcecode.swift; path = ContentView.swift; sourceTree = "<group>"; };
		A5A604B629760B81006EEC5F /* Assets.xcassets */ = {isa = PBXFileReference; lastKnownFileType = folder.assetcatalog; path = Assets.xcassets; sourceTree = "<group>"; };
		A5A604B929760B81006EEC5F /* Preview Assets.xcassets */ = {isa = PBXFileReference; lastKnownFileType = folder.assetcatalog; path = "Preview Assets.xcassets"; sourceTree = "<group>"; };
		A5A604CA29761D14006EEC5F /* LandmarkDetail.swift */ = {isa = PBXFileReference; lastKnownFileType = sourcecode.swift; path = LandmarkDetail.swift; sourceTree = "<group>"; };
		A5ABC2CC2925A98800AE0759 /* landmarkData.json */ = {isa = PBXFileReference; fileEncoding = 4; lastKnownFileType = text.json; path = landmarkData.json; sourceTree = "<group>"; };
		A5ABC2CE2925A9B700AE0759 /* Landmark.swift */ = {isa = PBXFileReference; lastKnownFileType = sourcecode.swift; path = Landmark.swift; sourceTree = "<group>"; };
		A5BE96A9295E672600A14B2B /* Profile.swift */ = {isa = PBXFileReference; lastKnownFileType = sourcecode.swift; path = Profile.swift; sourceTree = "<group>"; };
		A5BE96AC295E8DB200A14B2B /* ProfileHost.swift */ = {isa = PBXFileReference; lastKnownFileType = sourcecode.swift; path = ProfileHost.swift; sourceTree = "<group>"; };
		A5BE96B0295E922F00A14B2B /* ProfileSummary.swift */ = {isa = PBXFileReference; lastKnownFileType = sourcecode.swift; path = ProfileSummary.swift; sourceTree = "<group>"; };
		A5C81C2229415C9400D8F0E5 /* BadgeSymbol.swift */ = {isa = PBXFileReference; lastKnownFileType = sourcecode.swift; path = BadgeSymbol.swift; sourceTree = "<group>"; };
		A5C81C2429415F3200D8F0E5 /* RotatedBadgeSymbol.swift */ = {isa = PBXFileReference; lastKnownFileType = sourcecode.swift; path = RotatedBadgeSymbol.swift; sourceTree = "<group>"; };
		A5C81C28294160A200D8F0E5 /* Badge.swift */ = {isa = PBXFileReference; lastKnownFileType = sourcecode.swift; path = Badge.swift; sourceTree = "<group>"; };
		A5D59BB0295FCE3300508196 /* HikeBadge.swift */ = {isa = PBXFileReference; lastKnownFileType = sourcecode.swift; path = HikeBadge.swift; sourceTree = "<group>"; };
		A5EB4F37295BBCE7003F4C37 /* CategoryHome.swift */ = {isa = PBXFileReference; lastKnownFileType = sourcecode.swift; path = CategoryHome.swift; sourceTree = "<group>"; };
		A5EB4F39295D063A003F4C37 /* CategoryRow.swift */ = {isa = PBXFileReference; lastKnownFileType = sourcecode.swift; path = CategoryRow.swift; sourceTree = "<group>"; };
		A5F14CA0293AB72600AFE3B7 /* LandmarkDetail.swift */ = {isa = PBXFileReference; lastKnownFileType = sourcecode.swift; path = LandmarkDetail.swift; sourceTree = "<group>"; };
		A5F14CA2293EC1EC00AFE3B7 /* FavoriteButton.swift */ = {isa = PBXFileReference; lastKnownFileType = sourcecode.swift; path = FavoriteButton.swift; sourceTree = "<group>"; };
		A5F14CA62940148200AFE3B7 /* HexagonParameters.swift */ = {isa = PBXFileReference; lastKnownFileType = sourcecode.swift; path = HexagonParameters.swift; sourceTree = "<group>"; };
		A5F14CA82940182E00AFE3B7 /* BadgeBackground.swift */ = {isa = PBXFileReference; lastKnownFileType = sourcecode.swift; path = BadgeBackground.swift; sourceTree = "<group>"; };
		A5F335E2295D08F1006D9490 /* CategoryItem.swift */ = {isa = PBXFileReference; lastKnownFileType = sourcecode.swift; path = CategoryItem.swift; sourceTree = "<group>"; };
		A5F969DF295FDEFC003E13B1 /* ProfileEditor.swift */ = {isa = PBXFileReference; lastKnownFileType = sourcecode.swift; path = ProfileEditor.swift; sourceTree = "<group>"; };
		F669CE0D291B249D007C020C /* CircleImage.swift */ = {isa = PBXFileReference; lastKnownFileType = sourcecode.swift; path = CircleImage.swift; sourceTree = "<group>"; };
		F677BFB529187174002CCDCB /* Landmarks.app */ = {isa = PBXFileReference; explicitFileType = wrapper.application; includeInIndex = 0; path = Landmarks.app; sourceTree = BUILT_PRODUCTS_DIR; };
		F677BFB829187174002CCDCB /* LandmarksApp.swift */ = {isa = PBXFileReference; lastKnownFileType = sourcecode.swift; path = LandmarksApp.swift; sourceTree = "<group>"; };
		F677BFBA29187174002CCDCB /* ContentView.swift */ = {isa = PBXFileReference; lastKnownFileType = sourcecode.swift; path = ContentView.swift; sourceTree = "<group>"; };
		F677BFBC29187174002CCDCB /* Assets.xcassets */ = {isa = PBXFileReference; lastKnownFileType = folder.assetcatalog; path = Assets.xcassets; sourceTree = "<group>"; };
		F677BFBF29187174002CCDCB /* Preview Assets.xcassets */ = {isa = PBXFileReference; lastKnownFileType = folder.assetcatalog; path = "Preview Assets.xcassets"; sourceTree = "<group>"; };
/* End PBXFileReference section */

/* Begin PBXFrameworksBuildPhase section */
		A523D1FA297C917C00F4A35B /* Frameworks */ = {
			isa = PBXFrameworksBuildPhase;
			buildActionMask = 2147483647;
			files = (
			);
			runOnlyForDeploymentPostprocessing = 0;
		};
		A5A604AD29760B81006EEC5F /* Frameworks */ = {
			isa = PBXFrameworksBuildPhase;
			buildActionMask = 2147483647;
			files = (
			);
			runOnlyForDeploymentPostprocessing = 0;
		};
		F677BFB229187173002CCDCB /* Frameworks */ = {
			isa = PBXFrameworksBuildPhase;
			buildActionMask = 2147483647;
			files = (
			);
			runOnlyForDeploymentPostprocessing = 0;
		};
/* End PBXFrameworksBuildPhase section */

/* Begin PBXGroup section */
		A523D1FE297C917C00F4A35B /* MacLandmarks */ = {
			isa = PBXGroup;
			children = (
				A523D201297C917C00F4A35B /* ContentView.swift */,
				A523D203297C917D00F4A35B /* Assets.xcassets */,
				A523D208297C917D00F4A35B /* MacLandmarks.entitlements */,
				A523D205297C917D00F4A35B /* Preview Content */,
				A523D219297C957F00F4A35B /* LandmarkDetail.swift */,
			);
			path = MacLandmarks;
			sourceTree = "<group>";
		};
		A523D205297C917D00F4A35B /* Preview Content */ = {
			isa = PBXGroup;
			children = (
				A523D206297C917D00F4A35B /* Preview Assets.xcassets */,
			);
			path = "Preview Content";
			sourceTree = "<group>";
		};
		A542FB672966541E00BADCFC /* PageView */ = {
			isa = PBXGroup;
			children = (
				A542FB682966543C00BADCFC /* PageViewController.swift */,
				A52FA18F296E46E000C5B821 /* PageView.swift */,
				A57C6FB42970DB42007F248E /* PageControl.swift */,
			);
			path = PageView;
			sourceTree = "<group>";
		};
		A560466E29381F68002A48E3 /* Views */ = {
			isa = PBXGroup;
			children = (
				A542FB672966541E00BADCFC /* PageView */,
				A5BE96AB295E8D9600A14B2B /* Profiles */,
				A5EB4F36295BBCD2003F4C37 /* Categories */,
				A57891B6294FDE48006A895A /* Hikes */,
				A5C81C2129415C6C00D8F0E5 /* Badges */,
				A5F14CA5293EC2E100AFE3B7 /* Helpers */,
				A5F14CA4293EC2CD00AFE3B7 /* Landmarks */,
			);
			path = Views;
			sourceTree = "<group>";
		};
		A560466F29381F83002A48E3 /* Resources */ = {
			isa = PBXGroup;
			children = (
				A57891B0294FDAFF006A895A /* hikeData.json */,
				A5ABC2CC2925A98800AE0759 /* landmarkData.json */,
			);
			path = Resources;
			sourceTree = "<group>";
		};
		A560467029381F97002A48E3 /* Model */ = {
			isa = PBXGroup;
			children = (
				A5ABC2CE2925A9B700AE0759 /* Landmark.swift */,
				A560466C2936DF2B002A48E3 /* ModelData.swift */,
				A57891B2294FDB4A006A895A /* Hike.swift */,
				A5BE96A9295E672600A14B2B /* Profile.swift */,
			);
			path = Model;
			sourceTree = "<group>";
		};
		A57891B6294FDE48006A895A /* Hikes */ = {
			isa = PBXGroup;
			children = (
				A57891B7294FDE48006A895A /* GraphCapsule.swift */,
				A57891B8294FDE48006A895A /* HikeGraph.swift */,
				A57891B9294FDE48006A895A /* HikeDetail.swift */,
				A57891BA294FDE48006A895A /* HikeView.swift */,
			);
			path = Hikes;
			sourceTree = "<group>";
		};
		A5A604B129760B81006EEC5F /* WatchLandmarks Watch App */ = {
			isa = PBXGroup;
			children = (
				A5A604B429760B81006EEC5F /* ContentView.swift */,
				A5A604B629760B81006EEC5F /* Assets.xcassets */,
				A5A604B829760B81006EEC5F /* Preview Content */,
				A5A604CA29761D14006EEC5F /* LandmarkDetail.swift */,
				A530A4DC2977749B00F37D54 /* NotificationView.swift */,
				A530A4DE297775F300F37D54 /* NotificationController.swift */,
				A530A4E02977772300F37D54 /* PushNotificationPayload.apns */,
			);
			path = "WatchLandmarks Watch App";
			sourceTree = "<group>";
		};
		A5A604B829760B81006EEC5F /* Preview Content */ = {
			isa = PBXGroup;
			children = (
				A5A604B929760B81006EEC5F /* Preview Assets.xcassets */,
			);
			path = "Preview Content";
			sourceTree = "<group>";
		};
		A5BE96AB295E8D9600A14B2B /* Profiles */ = {
			isa = PBXGroup;
			children = (
				A5BE96AC295E8DB200A14B2B /* ProfileHost.swift */,
				A5BE96B0295E922F00A14B2B /* ProfileSummary.swift */,
				A5F969DF295FDEFC003E13B1 /* ProfileEditor.swift */,
			);
			path = Profiles;
			sourceTree = "<group>";
		};
		A5C81C2129415C6C00D8F0E5 /* Badges */ = {
			isa = PBXGroup;
			children = (
				A5F14CA82940182E00AFE3B7 /* BadgeBackground.swift */,
				A5C81C2229415C9400D8F0E5 /* BadgeSymbol.swift */,
				A5C81C2429415F3200D8F0E5 /* RotatedBadgeSymbol.swift */,
				A5C81C28294160A200D8F0E5 /* Badge.swift */,
			);
			path = Badges;
			sourceTree = "<group>";
		};
		A5EB4F36295BBCD2003F4C37 /* Categories */ = {
			isa = PBXGroup;
			children = (
				A5EB4F37295BBCE7003F4C37 /* CategoryHome.swift */,
				A5EB4F39295D063A003F4C37 /* CategoryRow.swift */,
				A5F335E2295D08F1006D9490 /* CategoryItem.swift */,
			);
			path = Categories;
			sourceTree = "<group>";
		};
		A5F14CA4293EC2CD00AFE3B7 /* Landmarks */ = {
			isa = PBXGroup;
			children = (
				A560467129382012002A48E3 /* LandmarkRow.swift */,
				A560467329382B99002A48E3 /* LandmarkList.swift */,
				A5F14CA0293AB72600AFE3B7 /* LandmarkDetail.swift */,
			);
			path = Landmarks;
			sourceTree = "<group>";
		};
		A5F14CA5293EC2E100AFE3B7 /* Helpers */ = {
			isa = PBXGroup;
			children = (
				F677BFBA29187174002CCDCB /* ContentView.swift */,
				F669CE0D291B249D007C020C /* CircleImage.swift */,
				A56E9E6D291C7B6F00037E8B /* MapView.swift */,
				A5F14CA2293EC1EC00AFE3B7 /* FavoriteButton.swift */,
				A5F14CA62940148200AFE3B7 /* HexagonParameters.swift */,
				A53253FE296B984D002346B2 /* FeatureCard.swift */,
			);
			path = Helpers;
			sourceTree = "<group>";
		};
		F677BFAC29187173002CCDCB = {
			isa = PBXGroup;
			children = (
				A5D59BB0295FCE3300508196 /* HikeBadge.swift */,
				F677BFB729187174002CCDCB /* Landmarks */,
				A5A604B129760B81006EEC5F /* WatchLandmarks Watch App */,
				A523D1FE297C917C00F4A35B /* MacLandmarks */,
				F677BFB629187174002CCDCB /* Products */,
			);
			sourceTree = "<group>";
		};
		F677BFB629187174002CCDCB /* Products */ = {
			isa = PBXGroup;
			children = (
				F677BFB529187174002CCDCB /* Landmarks.app */,
				A5A604B029760B81006EEC5F /* WatchLandmarks Watch App.app */,
				A523D1FD297C917C00F4A35B /* MacLandmarks.app */,
			);
			name = Products;
			sourceTree = "<group>";
		};
		F677BFB729187174002CCDCB /* Landmarks */ = {
			isa = PBXGroup;
			children = (
				F677BFB829187174002CCDCB /* LandmarksApp.swift */,
				A560466E29381F68002A48E3 /* Views */,
				F677BFBC29187174002CCDCB /* Assets.xcassets */,
				F677BFBE29187174002CCDCB /* Preview Content */,
				A560466F29381F83002A48E3 /* Resources */,
				A560467029381F97002A48E3 /* Model */,
			);
			path = Landmarks;
			sourceTree = "<group>";
		};
		F677BFBE29187174002CCDCB /* Preview Content */ = {
			isa = PBXGroup;
			children = (
				F677BFBF29187174002CCDCB /* Preview Assets.xcassets */,
			);
			path = "Preview Content";
			sourceTree = "<group>";
		};
/* End PBXGroup section */

/* Begin PBXNativeTarget section */
		A523D1FC297C917C00F4A35B /* MacLandmarks */ = {
			isa = PBXNativeTarget;
			buildConfigurationList = A523D20B297C917D00F4A35B /* Build configuration list for PBXNativeTarget "MacLandmarks" */;
			buildPhases = (
				A523D1F9297C917C00F4A35B /* Sources */,
				A523D1FA297C917C00F4A35B /* Frameworks */,
				A523D1FB297C917C00F4A35B /* Resources */,
			);
			buildRules = (
			);
			dependencies = (
			);
			name = MacLandmarks;
			productName = MacLandmarks;
			productReference = A523D1FD297C917C00F4A35B /* MacLandmarks.app */;
			productType = "com.apple.product-type.application";
		};
		A5A604AF29760B81006EEC5F /* WatchLandmarks Watch App */ = {
			isa = PBXNativeTarget;
			buildConfigurationList = A5A604BD29760B82006EEC5F /* Build configuration list for PBXNativeTarget "WatchLandmarks Watch App" */;
			buildPhases = (
				A5A604AC29760B81006EEC5F /* Sources */,
				A5A604AD29760B81006EEC5F /* Frameworks */,
				A5A604AE29760B81006EEC5F /* Resources */,
			);
			buildRules = (
			);
			dependencies = (
			);
			name = "WatchLandmarks Watch App";
			productName = "WatchLandmarks Watch App";
			productReference = A5A604B029760B81006EEC5F /* WatchLandmarks Watch App.app */;
			productType = "com.apple.product-type.application";
		};
		F677BFB429187173002CCDCB /* Landmarks */ = {
			isa = PBXNativeTarget;
			buildConfigurationList = F677BFC329187174002CCDCB /* Build configuration list for PBXNativeTarget "Landmarks" */;
			buildPhases = (
				F677BFB129187173002CCDCB /* Sources */,
				F677BFB229187173002CCDCB /* Frameworks */,
				F677BFB329187173002CCDCB /* Resources */,
			);
			buildRules = (
			);
			dependencies = (
			);
			name = Landmarks;
			productName = Landmarks;
			productReference = F677BFB529187174002CCDCB /* Landmarks.app */;
			productType = "com.apple.product-type.application";
		};
/* End PBXNativeTarget section */

/* Begin PBXProject section */
		F677BFAD29187173002CCDCB /* Project object */ = {
			isa = PBXProject;
			attributes = {
				BuildIndependentTargetsInParallel = 1;
				LastSwiftUpdateCheck = 1410;
				LastUpgradeCheck = 1410;
				TargetAttributes = {
					A523D1FC297C917C00F4A35B = {
						CreatedOnToolsVersion = 14.1;
					};
					A5A604AF29760B81006EEC5F = {
						CreatedOnToolsVersion = 14.1;
					};
					F677BFB429187173002CCDCB = {
						CreatedOnToolsVersion = 14.1;
					};
				};
			};
			buildConfigurationList = F677BFB029187173002CCDCB /* Build configuration list for PBXProject "Landmarks" */;
			compatibilityVersion = "Xcode 14.0";
			developmentRegion = en;
			hasScannedForEncodings = 0;
			knownRegions = (
				en,
				Base,
			);
			mainGroup = F677BFAC29187173002CCDCB;
			productRefGroup = F677BFB629187174002CCDCB /* Products */;
			projectDirPath = "";
			projectRoot = "";
			targets = (
				F677BFB429187173002CCDCB /* Landmarks */,
				A5A604AF29760B81006EEC5F /* WatchLandmarks Watch App */,
				A523D1FC297C917C00F4A35B /* MacLandmarks */,
			);
		};
/* End PBXProject section */

/* Begin PBXResourcesBuildPhase section */
		A523D1FB297C917C00F4A35B /* Resources */ = {
			isa = PBXResourcesBuildPhase;
			buildActionMask = 2147483647;
			files = (
				A523D207297C917D00F4A35B /* Preview Assets.xcassets in Resources */,
				A523D20D297C948B00F4A35B /* landmarkData.json in Resources */,
				A523D20C297C948B00F4A35B /* Assets.xcassets in Resources */,
				A523D204297C917D00F4A35B /* Assets.xcassets in Resources */,
				A523D20F297C948B00F4A35B /* hikeData.json in Resources */,
			);
			runOnlyForDeploymentPostprocessing = 0;
		};
		A5A604AE29760B81006EEC5F /* Resources */ = {
			isa = PBXResourcesBuildPhase;
			buildActionMask = 2147483647;
			files = (
				A5A604BA29760B81006EEC5F /* Preview Assets.xcassets in Resources */,
				A5A604C42976100E006EEC5F /* hikeData.json in Resources */,
				A5A604C52976100E006EEC5F /* Assets.xcassets in Resources */,
				A5A604C92976100E006EEC5F /* landmarkData.json in Resources */,
				A5A604B729760B81006EEC5F /* Assets.xcassets in Resources */,
				A530A4E12977772300F37D54 /* PushNotificationPayload.apns in Resources */,
			);
			runOnlyForDeploymentPostprocessing = 0;
		};
		F677BFB329187173002CCDCB /* Resources */ = {
			isa = PBXResourcesBuildPhase;
			buildActionMask = 2147483647;
			files = (
				A57891B1294FDAFF006A895A /* hikeData.json in Resources */,
				F677BFC029187174002CCDCB /* Preview Assets.xcassets in Resources */,
				F677BFBD29187174002CCDCB /* Assets.xcassets in Resources */,
				A5ABC2CD2925A98800AE0759 /* landmarkData.json in Resources */,
			);
			runOnlyForDeploymentPostprocessing = 0;
		};
/* End PBXResourcesBuildPhase section */

/* Begin PBXSourcesBuildPhase section */
		A523D1F9297C917C00F4A35B /* Sources */ = {
			isa = PBXSourcesBuildPhase;
			buildActionMask = 2147483647;
			files = (
				A523D212297C948B00F4A35B /* Hike.swift in Sources */,
				A523D218297C948B00F4A35B /* LandmarkList.swift in Sources */,
				A523D202297C917C00F4A35B /* ContentView.swift in Sources */,
				A523D213297C948B00F4A35B /* LandmarkRow.swift in Sources */,
				A523D21A297C957F00F4A35B /* LandmarkDetail.swift in Sources */,
				A523D215297C948B00F4A35B /* FavoriteButton.swift in Sources */,
				A523D216297C948B00F4A35B /* LandmarksApp.swift in Sources */,
				A523D214297C948B00F4A35B /* CircleImage.swift in Sources */,
				A523D211297C948B00F4A35B /* MapView.swift in Sources */,
				A523D217297C948B00F4A35B /* ModelData.swift in Sources */,
				A523D20E297C948B00F4A35B /* Profile.swift in Sources */,
				A523D210297C948B00F4A35B /* Landmark.swift in Sources */,
			);
			runOnlyForDeploymentPostprocessing = 0;
		};
		A5A604AC29760B81006EEC5F /* Sources */ = {
			isa = PBXSourcesBuildPhase;
			buildActionMask = 2147483647;
			files = (
				A5A604C32976100E006EEC5F /* MapView.swift in Sources */,
				A5A604B529760B81006EEC5F /* ContentView.swift in Sources */,
				A5A604C22976100E006EEC5F /* LandmarksApp.swift in Sources */,
				A5A604C12976100E006EEC5F /* Profile.swift in Sources */,
				A5A604BF2976100E006EEC5F /* LandmarkList.swift in Sources */,
				A5A604C62976100E006EEC5F /* ModelData.swift in Sources */,
				A5A604C72976100E006EEC5F /* Hike.swift in Sources */,
				A5A604C02976100E006EEC5F /* LandmarkRow.swift in Sources */,
				A5A604BE2976100E006EEC5F /* Landmark.swift in Sources */,
				A530A4DF297775F300F37D54 /* NotificationController.swift in Sources */,
				A5A604C82976100E006EEC5F /* CircleImage.swift in Sources */,
				A5A604CB29761D14006EEC5F /* LandmarkDetail.swift in Sources */,
				A530A4DD2977749B00F37D54 /* NotificationView.swift in Sources */,
			);
			runOnlyForDeploymentPostprocessing = 0;
		};
		F677BFB129187173002CCDCB /* Sources */ = {
			isa = PBXSourcesBuildPhase;
			buildActionMask = 2147483647;
			files = (
				A5EB4F3A295D063A003F4C37 /* CategoryRow.swift in Sources */,
				A5BE96AA295E672600A14B2B /* Profile.swift in Sources */,
				F677BFBB29187174002CCDCB /* ContentView.swift in Sources */,
				A5EB4F38295BBCE7003F4C37 /* CategoryHome.swift in Sources */,
				A53253FF296B984D002346B2 /* FeatureCard.swift in Sources */,
				A57891BC294FDE48006A895A /* HikeGraph.swift in Sources */,
				A5C81C29294160A200D8F0E5 /* Badge.swift in Sources */,
				A56E9E6E291C7B6F00037E8B /* MapView.swift in Sources */,
				A57891BB294FDE48006A895A /* GraphCapsule.swift in Sources */,
				F677BFB929187174002CCDCB /* LandmarksApp.swift in Sources */,
				A57C6FB52970DB42007F248E /* PageControl.swift in Sources */,
				A5F14CA3293EC1EC00AFE3B7 /* FavoriteButton.swift in Sources */,
				A5F335E3295D08F1006D9490 /* CategoryItem.swift in Sources */,
				A57891BD294FDE48006A895A /* HikeDetail.swift in Sources */,
				A5BE96B1295E922F00A14B2B /* ProfileSummary.swift in Sources */,
				A5F14CA72940148200AFE3B7 /* HexagonParameters.swift in Sources */,
				A5BE96AD295E8DB200A14B2B /* ProfileHost.swift in Sources */,
				A57891B3294FDB4A006A895A /* Hike.swift in Sources */,
				A5C81C2529415F3200D8F0E5 /* RotatedBadgeSymbol.swift in Sources */,
				A52FA190296E46E000C5B821 /* PageView.swift in Sources */,
				A5C81C2329415C9400D8F0E5 /* BadgeSymbol.swift in Sources */,
				A5F969E0295FDEFC003E13B1 /* ProfileEditor.swift in Sources */,
				A560467429382B99002A48E3 /* LandmarkList.swift in Sources */,
				A57891BE294FDE48006A895A /* HikeView.swift in Sources */,
				A5F14CA1293AB72600AFE3B7 /* LandmarkDetail.swift in Sources */,
				A542FB692966543C00BADCFC /* PageViewController.swift in Sources */,
				A5F14CA92940182E00AFE3B7 /* BadgeBackground.swift in Sources */,
				A5D59BB1295FCE3300508196 /* HikeBadge.swift in Sources */,
				F669CE0E291B249D007C020C /* CircleImage.swift in Sources */,
				A5ABC2CF2925A9B700AE0759 /* Landmark.swift in Sources */,
				A560467229382012002A48E3 /* LandmarkRow.swift in Sources */,
				A560466D2936DF2B002A48E3 /* ModelData.swift in Sources */,
			);
			runOnlyForDeploymentPostprocessing = 0;
		};
/* End PBXSourcesBuildPhase section */

/* Begin XCBuildConfiguration section */
		A523D209297C917D00F4A35B /* Debug */ = {
			isa = XCBuildConfiguration;
			buildSettings = {
				ASSETCATALOG_COMPILER_APPICON_NAME = AppIcon;
				ASSETCATALOG_COMPILER_GLOBAL_ACCENT_COLOR_NAME = AccentColor;
				CODE_SIGN_ENTITLEMENTS = MacLandmarks/MacLandmarks.entitlements;
				CODE_SIGN_STYLE = Automatic;
				COMBINE_HIDPI_IMAGES = YES;
				CURRENT_PROJECT_VERSION = 1;
				DEVELOPMENT_ASSET_PATHS = "\"MacLandmarks/Preview Content\"";
				DEVELOPMENT_TEAM = WM9Y6XVZYN;
				ENABLE_HARDENED_RUNTIME = YES;
				ENABLE_PREVIEWS = YES;
				GENERATE_INFOPLIST_FILE = YES;
				INFOPLIST_KEY_NSHumanReadableCopyright = "";
				LD_RUNPATH_SEARCH_PATHS = (
					"$(inherited)",
					"@executable_path/../Frameworks",
				);
				MACOSX_DEPLOYMENT_TARGET = 13.0;
				MARKETING_VERSION = 1.0;
				PRODUCT_BUNDLE_IDENTIFIER = com.isyet.MacLandmarks;
				PRODUCT_NAME = "$(TARGET_NAME)";
				SDKROOT = macosx;
				SWIFT_EMIT_LOC_STRINGS = YES;
				SWIFT_VERSION = 5.0;
			};
			name = Debug;
		};
		A523D20A297C917D00F4A35B /* Release */ = {
			isa = XCBuildConfiguration;
			buildSettings = {
				ASSETCATALOG_COMPILER_APPICON_NAME = AppIcon;
				ASSETCATALOG_COMPILER_GLOBAL_ACCENT_COLOR_NAME = AccentColor;
				CODE_SIGN_ENTITLEMENTS = MacLandmarks/MacLandmarks.entitlements;
				CODE_SIGN_STYLE = Automatic;
				COMBINE_HIDPI_IMAGES = YES;
				CURRENT_PROJECT_VERSION = 1;
				DEVELOPMENT_ASSET_PATHS = "\"MacLandmarks/Preview Content\"";
				DEVELOPMENT_TEAM = WM9Y6XVZYN;
				ENABLE_HARDENED_RUNTIME = YES;
				ENABLE_PREVIEWS = YES;
				GENERATE_INFOPLIST_FILE = YES;
				INFOPLIST_KEY_NSHumanReadableCopyright = "";
				LD_RUNPATH_SEARCH_PATHS = (
					"$(inherited)",
					"@executable_path/../Frameworks",
				);
				MACOSX_DEPLOYMENT_TARGET = 13.0;
				MARKETING_VERSION = 1.0;
				PRODUCT_BUNDLE_IDENTIFIER = com.isyet.MacLandmarks;
				PRODUCT_NAME = "$(TARGET_NAME)";
				SDKROOT = macosx;
				SWIFT_EMIT_LOC_STRINGS = YES;
				SWIFT_VERSION = 5.0;
			};
			name = Release;
		};
		A5A604BB29760B81006EEC5F /* Debug */ = {
			isa = XCBuildConfiguration;
			buildSettings = {
				ASSETCATALOG_COMPILER_APPICON_NAME = AppIcon;
				ASSETCATALOG_COMPILER_GLOBAL_ACCENT_COLOR_NAME = AccentColor;
				CODE_SIGN_STYLE = Automatic;
				CURRENT_PROJECT_VERSION = 1;
				DEVELOPMENT_ASSET_PATHS = "\"WatchLandmarks Watch App/Preview Content\"";
				DEVELOPMENT_TEAM = WM9Y6XVZYN;
				ENABLE_PREVIEWS = YES;
				GENERATE_INFOPLIST_FILE = YES;
				INFOPLIST_KEY_CFBundleDisplayName = WatchLandmarks;
				INFOPLIST_KEY_UISupportedInterfaceOrientations = "UIInterfaceOrientationPortrait UIInterfaceOrientationPortraitUpsideDown";
				INFOPLIST_KEY_WKCompanionAppBundleIdentifier = "";
				INFOPLIST_KEY_WKRunsIndependentlyOfCompanionApp = YES;
				LD_RUNPATH_SEARCH_PATHS = (
					"$(inherited)",
					"@executable_path/Frameworks",
				);
				MARKETING_VERSION = 1.0;
				PRODUCT_BUNDLE_IDENTIFIER = .watchkitapp;
				PRODUCT_NAME = "$(TARGET_NAME)";
				SDKROOT = watchos;
				SKIP_INSTALL = YES;
				SWIFT_EMIT_LOC_STRINGS = YES;
				SWIFT_VERSION = 5.0;
				TARGETED_DEVICE_FAMILY = 4;
				WATCHOS_DEPLOYMENT_TARGET = 9.1;
			};
			name = Debug;
		};
		A5A604BC29760B81006EEC5F /* Release */ = {
			isa = XCBuildConfiguration;
			buildSettings = {
				ASSETCATALOG_COMPILER_APPICON_NAME = AppIcon;
				ASSETCATALOG_COMPILER_GLOBAL_ACCENT_COLOR_NAME = AccentColor;
				CODE_SIGN_STYLE = Automatic;
				CURRENT_PROJECT_VERSION = 1;
				DEVELOPMENT_ASSET_PATHS = "\"WatchLandmarks Watch App/Preview Content\"";
				DEVELOPMENT_TEAM = WM9Y6XVZYN;
				ENABLE_PREVIEWS = YES;
				GENERATE_INFOPLIST_FILE = YES;
				INFOPLIST_KEY_CFBundleDisplayName = WatchLandmarks;
				INFOPLIST_KEY_UISupportedInterfaceOrientations = "UIInterfaceOrientationPortrait UIInterfaceOrientationPortraitUpsideDown";
				INFOPLIST_KEY_WKCompanionAppBundleIdentifier = "";
				INFOPLIST_KEY_WKRunsIndependentlyOfCompanionApp = YES;
				LD_RUNPATH_SEARCH_PATHS = (
					"$(inherited)",
					"@executable_path/Frameworks",
				);
				MARKETING_VERSION = 1.0;
				PRODUCT_BUNDLE_IDENTIFIER = .watchkitapp;
				PRODUCT_NAME = "$(TARGET_NAME)";
				SDKROOT = watchos;
				SKIP_INSTALL = YES;
				SWIFT_EMIT_LOC_STRINGS = YES;
				SWIFT_VERSION = 5.0;
				TARGETED_DEVICE_FAMILY = 4;
				WATCHOS_DEPLOYMENT_TARGET = 9.1;
			};
			name = Release;
		};
		F677BFC129187174002CCDCB /* Debug */ = {
			isa = XCBuildConfiguration;
			buildSettings = {
				ALWAYS_SEARCH_USER_PATHS = NO;
				CLANG_ANALYZER_NONNULL = YES;
				CLANG_ANALYZER_NUMBER_OBJECT_CONVERSION = YES_AGGRESSIVE;
				CLANG_CXX_LANGUAGE_STANDARD = "gnu++20";
				CLANG_ENABLE_MODULES = YES;
				CLANG_ENABLE_OBJC_ARC = YES;
				CLANG_ENABLE_OBJC_WEAK = YES;
				CLANG_WARN_BLOCK_CAPTURE_AUTORELEASING = YES;
				CLANG_WARN_BOOL_CONVERSION = YES;
				CLANG_WARN_COMMA = YES;
				CLANG_WARN_CONSTANT_CONVERSION = YES;
				CLANG_WARN_DEPRECATED_OBJC_IMPLEMENTATIONS = YES;
				CLANG_WARN_DIRECT_OBJC_ISA_USAGE = YES_ERROR;
				CLANG_WARN_DOCUMENTATION_COMMENTS = YES;
				CLANG_WARN_EMPTY_BODY = YES;
				CLANG_WARN_ENUM_CONVERSION = YES;
				CLANG_WARN_INFINITE_RECURSION = YES;
				CLANG_WARN_INT_CONVERSION = YES;
				CLANG_WARN_NON_LITERAL_NULL_CONVERSION = YES;
				CLANG_WARN_OBJC_IMPLICIT_RETAIN_SELF = YES;
				CLANG_WARN_OBJC_LITERAL_CONVERSION = YES;
				CLANG_WARN_OBJC_ROOT_CLASS = YES_ERROR;
				CLANG_WARN_QUOTED_INCLUDE_IN_FRAMEWORK_HEADER = YES;
				CLANG_WARN_RANGE_LOOP_ANALYSIS = YES;
				CLANG_WARN_STRICT_PROTOTYPES = YES;
				CLANG_WARN_SUSPICIOUS_MOVE = YES;
				CLANG_WARN_UNGUARDED_AVAILABILITY = YES_AGGRESSIVE;
				CLANG_WARN_UNREACHABLE_CODE = YES;
				CLANG_WARN__DUPLICATE_METHOD_MATCH = YES;
				COPY_PHASE_STRIP = NO;
				DEBUG_INFORMATION_FORMAT = dwarf;
				ENABLE_STRICT_OBJC_MSGSEND = YES;
				ENABLE_TESTABILITY = YES;
				GCC_C_LANGUAGE_STANDARD = gnu11;
				GCC_DYNAMIC_NO_PIC = NO;
				GCC_NO_COMMON_BLOCKS = YES;
				GCC_OPTIMIZATION_LEVEL = 0;
				GCC_PREPROCESSOR_DEFINITIONS = (
					"DEBUG=1",
					"$(inherited)",
				);
				GCC_WARN_64_TO_32_BIT_CONVERSION = YES;
				GCC_WARN_ABOUT_RETURN_TYPE = YES_ERROR;
				GCC_WARN_UNDECLARED_SELECTOR = YES;
				GCC_WARN_UNINITIALIZED_AUTOS = YES_AGGRESSIVE;
				GCC_WARN_UNUSED_FUNCTION = YES;
				GCC_WARN_UNUSED_VARIABLE = YES;
				IPHONEOS_DEPLOYMENT_TARGET = 16.1;
				MTL_ENABLE_DEBUG_INFO = INCLUDE_SOURCE;
				MTL_FAST_MATH = YES;
				ONLY_ACTIVE_ARCH = YES;
				SDKROOT = iphoneos;
				SWIFT_ACTIVE_COMPILATION_CONDITIONS = DEBUG;
				SWIFT_OPTIMIZATION_LEVEL = "-Onone";
			};
			name = Debug;
		};
		F677BFC229187174002CCDCB /* Release */ = {
			isa = XCBuildConfiguration;
			buildSettings = {
				ALWAYS_SEARCH_USER_PATHS = NO;
				CLANG_ANALYZER_NONNULL = YES;
				CLANG_ANALYZER_NUMBER_OBJECT_CONVERSION = YES_AGGRESSIVE;
				CLANG_CXX_LANGUAGE_STANDARD = "gnu++20";
				CLANG_ENABLE_MODULES = YES;
				CLANG_ENABLE_OBJC_ARC = YES;
				CLANG_ENABLE_OBJC_WEAK = YES;
				CLANG_WARN_BLOCK_CAPTURE_AUTORELEASING = YES;
				CLANG_WARN_BOOL_CONVERSION = YES;
				CLANG_WARN_COMMA = YES;
				CLANG_WARN_CONSTANT_CONVERSION = YES;
				CLANG_WARN_DEPRECATED_OBJC_IMPLEMENTATIONS = YES;
				CLANG_WARN_DIRECT_OBJC_ISA_USAGE = YES_ERROR;
				CLANG_WARN_DOCUMENTATION_COMMENTS = YES;
				CLANG_WARN_EMPTY_BODY = YES;
				CLANG_WARN_ENUM_CONVERSION = YES;
				CLANG_WARN_INFINITE_RECURSION = YES;
				CLANG_WARN_INT_CONVERSION = YES;
				CLANG_WARN_NON_LITERAL_NULL_CONVERSION = YES;
				CLANG_WARN_OBJC_IMPLICIT_RETAIN_SELF = YES;
				CLANG_WARN_OBJC_LITERAL_CONVERSION = YES;
				CLANG_WARN_OBJC_ROOT_CLASS = YES_ERROR;
				CLANG_WARN_QUOTED_INCLUDE_IN_FRAMEWORK_HEADER = YES;
				CLANG_WARN_RANGE_LOOP_ANALYSIS = YES;
				CLANG_WARN_STRICT_PROTOTYPES = YES;
				CLANG_WARN_SUSPICIOUS_MOVE = YES;
				CLANG_WARN_UNGUARDED_AVAILABILITY = YES_AGGRESSIVE;
				CLANG_WARN_UNREACHABLE_CODE = YES;
				CLANG_WARN__DUPLICATE_METHOD_MATCH = YES;
				COPY_PHASE_STRIP = NO;
				DEBUG_INFORMATION_FORMAT = "dwarf-with-dsym";
				ENABLE_NS_ASSERTIONS = NO;
				ENABLE_STRICT_OBJC_MSGSEND = YES;
				GCC_C_LANGUAGE_STANDARD = gnu11;
				GCC_NO_COMMON_BLOCKS = YES;
				GCC_WARN_64_TO_32_BIT_CONVERSION = YES;
				GCC_WARN_ABOUT_RETURN_TYPE = YES_ERROR;
				GCC_WARN_UNDECLARED_SELECTOR = YES;
				GCC_WARN_UNINITIALIZED_AUTOS = YES_AGGRESSIVE;
				GCC_WARN_UNUSED_FUNCTION = YES;
				GCC_WARN_UNUSED_VARIABLE = YES;
				IPHONEOS_DEPLOYMENT_TARGET = 16.1;
				MTL_ENABLE_DEBUG_INFO = NO;
				MTL_FAST_MATH = YES;
				SDKROOT = iphoneos;
				SWIFT_COMPILATION_MODE = wholemodule;
				SWIFT_OPTIMIZATION_LEVEL = "-O";
				VALIDATE_PRODUCT = YES;
			};
			name = Release;
		};
		F677BFC429187174002CCDCB /* Debug */ = {
			isa = XCBuildConfiguration;
			buildSettings = {
				ASSETCATALOG_COMPILER_APPICON_NAME = AppIcon;
				ASSETCATALOG_COMPILER_GLOBAL_ACCENT_COLOR_NAME = AccentColor;
				CODE_SIGN_STYLE = Automatic;
				CURRENT_PROJECT_VERSION = 1;
				DEVELOPMENT_ASSET_PATHS = "\"Landmarks/Preview Content\"";
				DEVELOPMENT_TEAM = WM9Y6XVZYN;
				ENABLE_PREVIEWS = YES;
				GENERATE_INFOPLIST_FILE = YES;
				INFOPLIST_KEY_UIApplicationSceneManifest_Generation = YES;
				INFOPLIST_KEY_UIApplicationSupportsIndirectInputEvents = YES;
				INFOPLIST_KEY_UILaunchScreen_Generation = YES;
				INFOPLIST_KEY_UISupportedInterfaceOrientations_iPad = "UIInterfaceOrientationPortrait UIInterfaceOrientationPortraitUpsideDown UIInterfaceOrientationLandscapeLeft UIInterfaceOrientationLandscapeRight";
				INFOPLIST_KEY_UISupportedInterfaceOrientations_iPhone = "UIInterfaceOrientationPortrait UIInterfaceOrientationLandscapeLeft UIInterfaceOrientationLandscapeRight";
				LD_RUNPATH_SEARCH_PATHS = (
					"$(inherited)",
					"@executable_path/Frameworks",
				);
				MARKETING_VERSION = 1.0;
				PRODUCT_BUNDLE_IDENTIFIER = com.isyet.Landmarks;
				PRODUCT_NAME = "$(TARGET_NAME)";
				SWIFT_EMIT_LOC_STRINGS = YES;
				SWIFT_VERSION = 5.0;
				TARGETED_DEVICE_FAMILY = "1,2";
			};
			name = Debug;
		};
		F677BFC529187174002CCDCB /* Release */ = {
			isa = XCBuildConfiguration;
			buildSettings = {
				ASSETCATALOG_COMPILER_APPICON_NAME = AppIcon;
				ASSETCATALOG_COMPILER_GLOBAL_ACCENT_COLOR_NAME = AccentColor;
				CODE_SIGN_STYLE = Automatic;
				CURRENT_PROJECT_VERSION = 1;
				DEVELOPMENT_ASSET_PATHS = "\"Landmarks/Preview Content\"";
				DEVELOPMENT_TEAM = WM9Y6XVZYN;
				ENABLE_PREVIEWS = YES;
				GENERATE_INFOPLIST_FILE = YES;
				INFOPLIST_KEY_UIApplicationSceneManifest_Generation = YES;
				INFOPLIST_KEY_UIApplicationSupportsIndirectInputEvents = YES;
				INFOPLIST_KEY_UILaunchScreen_Generation = YES;
				INFOPLIST_KEY_UISupportedInterfaceOrientations_iPad = "UIInterfaceOrientationPortrait UIInterfaceOrientationPortraitUpsideDown UIInterfaceOrientationLandscapeLeft UIInterfaceOrientationLandscapeRight";
				INFOPLIST_KEY_UISupportedInterfaceOrientations_iPhone = "UIInterfaceOrientationPortrait UIInterfaceOrientationLandscapeLeft UIInterfaceOrientationLandscapeRight";
				LD_RUNPATH_SEARCH_PATHS = (
					"$(inherited)",
					"@executable_path/Frameworks",
				);
				MARKETING_VERSION = 1.0;
				PRODUCT_BUNDLE_IDENTIFIER = com.isyet.Landmarks;
				PRODUCT_NAME = "$(TARGET_NAME)";
				SWIFT_EMIT_LOC_STRINGS = YES;
				SWIFT_VERSION = 5.0;
				TARGETED_DEVICE_FAMILY = "1,2";
			};
			name = Release;
		};
/* End XCBuildConfiguration section */

/* Begin XCConfigurationList section */
		A523D20B297C917D00F4A35B /* Build configuration list for PBXNativeTarget "MacLandmarks" */ = {
			isa = XCConfigurationList;
			buildConfigurations = (
				A523D209297C917D00F4A35B /* Debug */,
				A523D20A297C917D00F4A35B /* Release */,
			);
			defaultConfigurationIsVisible = 0;
			defaultConfigurationName = Release;
		};
		A5A604BD29760B82006EEC5F /* Build configuration list for PBXNativeTarget "WatchLandmarks Watch App" */ = {
			isa = XCConfigurationList;
			buildConfigurations = (
				A5A604BB29760B81006EEC5F /* Debug */,
				A5A604BC29760B81006EEC5F /* Release */,
			);
			defaultConfigurationIsVisible = 0;
			defaultConfigurationName = Release;
		};
		F677BFB029187173002CCDCB /* Build configuration list for PBXProject "Landmarks" */ = {
			isa = XCConfigurationList;
			buildConfigurations = (
				F677BFC129187174002CCDCB /* Debug */,
				F677BFC229187174002CCDCB /* Release */,
			);
			defaultConfigurationIsVisible = 0;
			defaultConfigurationName = Release;
		};
		F677BFC329187174002CCDCB /* Build configuration list for PBXNativeTarget "Landmarks" */ = {
			isa = XCConfigurationList;
			buildConfigurations = (
				F677BFC429187174002CCDCB /* Debug */,
				F677BFC529187174002CCDCB /* Release */,
			);
			defaultConfigurationIsVisible = 0;
			defaultConfigurationName = Release;
		};
/* End XCConfigurationList section */
	};
	rootObject = F677BFAD29187173002CCDCB /* Project object */;
}
